
Microsoft Visual Studio Solution File, Format Version 12.00
# Visual Studio Version 17
VisualStudioVersion = 17.2.32616.157
MinimumVisualStudioVersion = 10.0.40219.1
Project("{FAE04EC0-301F-11D3-BF4B-00C04F79EFBC}") = "AsciiRender", "AsciiRender\AsciiRender.csproj", "{5167C26C-8E03-43D9-9D08-CD13C7C04660}"
EndProject
Global
	GlobalSection(SolutionConfigurationPlatforms) = preSolution
		Debug|Any CPU = Debug|Any CPU
		Release|Any CPU = Release|Any CPU
	EndGlobalSection
	GlobalSection(ProjectConfigurationPlatforms) = postSolution
		{5167C26C-8E03-43D9-9D08-CD13C7C04660}.Debug|Any CPU.ActiveCfg = Debug|Any CPU
		{5167C26C-8E03-43D9-9D08-CD13C7C04660}.Debug|Any CPU.Build.0 = Debug|Any CPU
		{5167C26C-8E03-43D9-9D08-CD13C7C04660}.Release|Any CPU.ActiveCfg = Release|Any CPU
		{5167C26C-8E03-43D9-9D08-CD13C7C04660}.Release|Any CPU.Build.0 = Release|Any CPU
	EndGlobalSection
	GlobalSection(SolutionProperties) = preSolution
		HideSolutionNode = FALSE
	EndGlobalSection
	GlobalSection(ExtensibilityGlobals) = postSolution
		SolutionGuid = {74598705-9598-46CC-AD98-5E2B6DE33D0D}
	EndGlobalSection
EndGlobal
